// !$*UTF8*$!
{
	archiveVersion = 1;
	classes = {
	};
	objectVersion = 77;
	objects = {

/* Begin PBXContainerItemProxy section */
		F28339AA2D432F000058A716 /* PBXContainerItemProxy */ = {
			isa = PBXContainerItemProxy;
			containerPortal = F28339912D432EFD0058A716 /* Project object */;
			proxyType = 1;
			remoteGlobalIDString = F28339982D432EFD0058A716;
			remoteInfo = JSONPlaceholderAPICaseStudy;
		};
		F28339B42D432F000058A716 /* PBXContainerItemProxy */ = {
			isa = PBXContainerItemProxy;
			containerPortal = F28339912D432EFD0058A716 /* Project object */;
			proxyType = 1;
			remoteGlobalIDString = F28339982D432EFD0058A716;
			remoteInfo = JSONPlaceholderAPICaseStudy;
		};
/* End PBXContainerItemProxy section */

/* Begin PBXFileReference section */
		F28339992D432EFD0058A716 /* JSONPlaceholderAPICaseStudy.app */ = {isa = PBXFileReference; explicitFileType = wrapper.application; includeInIndex = 0; path = JSONPlaceholderAPICaseStudy.app; sourceTree = BUILT_PRODUCTS_DIR; };
		F28339A92D432F000058A716 /* JSONPlaceholderAPICaseStudyTests.xctest */ = {isa = PBXFileReference; explicitFileType = wrapper.cfbundle; includeInIndex = 0; path = JSONPlaceholderAPICaseStudyTests.xctest; sourceTree = BUILT_PRODUCTS_DIR; };
		F28339B32D432F000058A716 /* JSONPlaceholderAPICaseStudyUITests.xctest */ = {isa = PBXFileReference; explicitFileType = wrapper.cfbundle; includeInIndex = 0; path = JSONPlaceholderAPICaseStudyUITests.xctest; sourceTree = BUILT_PRODUCTS_DIR; };
/* End PBXFileReference section */

/* Begin PBXFileSystemSynchronizedRootGroup section */
		F283399B2D432EFD0058A716 /* JSONPlaceholderAPICaseStudy */ = {
			isa = PBXFileSystemSynchronizedRootGroup;
			path = JSONPlaceholderAPICaseStudy;
			sourceTree = "<group>";
		};
/* End PBXFileSystemSynchronizedRootGroup section */

/* Begin PBXFrameworksBuildPhase section */
		F28339962D432EFD0058A716 /* Frameworks */ = {
			isa = PBXFrameworksBuildPhase;
			buildActionMask = 2147483647;
			files = (
			);
			runOnlyForDeploymentPostprocessing = 0;
		};
		F28339A62D432F000058A716 /* Frameworks */ = {
			isa = PBXFrameworksBuildPhase;
			buildActionMask = 2147483647;
			files = (
			);
			runOnlyForDeploymentPostprocessing = 0;
		};
		F28339B02D432F000058A716 /* Frameworks */ = {
			isa = PBXFrameworksBuildPhase;
			buildActionMask = 2147483647;
			files = (
			);
			runOnlyForDeploymentPostprocessing = 0;
		};
/* End PBXFrameworksBuildPhase section */

/* Begin PBXGroup section */
		F28339902D432EFD0058A716 = {
			isa = PBXGroup;
			children = (
				F283399B2D432EFD0058A716 /* JSONPlaceholderAPICaseStudy */,
				F283399A2D432EFD0058A716 /* Products */,
			);
			sourceTree = "<group>";
		};
		F283399A2D432EFD0058A716 /* Products */ = {
			isa = PBXGroup;
			children = (
				F28339992D432EFD0058A716 /* JSONPlaceholderAPICaseStudy.app */,
				F28339A92D432F000058A716 /* JSONPlaceholderAPICaseStudyTests.xctest */,
				F28339B32D432F000058A716 /* JSONPlaceholderAPICaseStudyUITests.xctest */,
			);
			name = Products;
			sourceTree = "<group>";
		};
/* End PBXGroup section */

/* Begin PBXNativeTarget section */
		F28339982D432EFD0058A716 /* JSONPlaceholderAPICaseStudy */ = {
			isa = PBXNativeTarget;
			buildConfigurationList = F28339BD2D432F000058A716 /* Build configuration list for PBXNativeTarget "JSONPlaceholderAPICaseStudy" */;
			buildPhases = (
				F28339952D432EFD0058A716 /* Sources */,
				F28339962D432EFD0058A716 /* Frameworks */,
				F28339972D432EFD0058A716 /* Resources */,
			);
			buildRules = (
			);
			dependencies = (
			);
			fileSystemSynchronizedGroups = (
				F283399B2D432EFD0058A716 /* JSONPlaceholderAPICaseStudy */,
			);
			name = JSONPlaceholderAPICaseStudy;
			packageProductDependencies = (
			);
			productName = JSONPlaceholderAPICaseStudy;
			productReference = F28339992D432EFD0058A716 /* JSONPlaceholderAPICaseStudy.app */;
			productType = "com.apple.product-type.application";
		};
		F28339A82D432F000058A716 /* JSONPlaceholderAPICaseStudyTests */ = {
			isa = PBXNativeTarget;
			buildConfigurationList = F28339C02D432F000058A716 /* Build configuration list for PBXNativeTarget "JSONPlaceholderAPICaseStudyTests" */;
			buildPhases = (
				F28339A52D432F000058A716 /* Sources */,
				F28339A62D432F000058A716 /* Frameworks */,
				F28339A72D432F000058A716 /* Resources */,
			);
			buildRules = (
			);
			dependencies = (
				F28339AB2D432F000058A716 /* PBXTargetDependency */,
			);
			name = JSONPlaceholderAPICaseStudyTests;
			packageProductDependencies = (
			);
			productName = JSONPlaceholderAPICaseStudyTests;
			productReference = F28339A92D432F000058A716 /* JSONPlaceholderAPICaseStudyTests.xctest */;
			productType = "com.apple.product-type.bundle.unit-test";
		};
		F28339B22D432F000058A716 /* JSONPlaceholderAPICaseStudyUITests */ = {
			isa = PBXNativeTarget;
			buildConfigurationList = F28339C32D432F000058A716 /* Build configuration list for PBXNativeTarget "JSONPlaceholderAPICaseStudyUITests" */;
			buildPhases = (
				F28339AF2D432F000058A716 /* Sources */,
				F28339B02D432F000058A716 /* Frameworks */,
				F28339B12D432F000058A716 /* Resources */,
			);
			buildRules = (
			);
			dependencies = (
				F28339B52D432F000058A716 /* PBXTargetDependency */,
			);
			name = JSONPlaceholderAPICaseStudyUITests;
			packageProductDependencies = (
			);
			productName = JSONPlaceholderAPICaseStudyUITests;
			productReference = F28339B32D432F000058A716 /* JSONPlaceholderAPICaseStudyUITests.xctest */;
			productType = "com.apple.product-type.bundle.ui-testing";
		};
/* End PBXNativeTarget section */

/* Begin PBXProject section */
		F28339912D432EFD0058A716 /* Project object */ = {
			isa = PBXProject;
			attributes = {
				BuildIndependentTargetsInParallel = 1;
				LastSwiftUpdateCheck = 1620;
				LastUpgradeCheck = 1620;
				TargetAttributes = {
					F28339982D432EFD0058A716 = {
						CreatedOnToolsVersion = 16.2;
					};
					F28339A82D432F000058A716 = {
						CreatedOnToolsVersion = 16.2;
						TestTargetID = F28339982D432EFD0058A716;
					};
					F28339B22D432F000058A716 = {
						CreatedOnToolsVersion = 16.2;
						TestTargetID = F28339982D432EFD0058A716;
					};
				};
			};
			buildConfigurationList = F28339942D432EFD0058A716 /* Build configuration list for PBXProject "JSONPlaceholderAPICaseStudy" */;
			developmentRegion = en;
			hasScannedForEncodings = 0;
			knownRegions = (
				en,
				Base,
			);
			mainGroup = F28339902D432EFD0058A716;
			minimizedProjectReferenceProxies = 1;
			preferredProjectObjectVersion = 77;
			productRefGroup = F283399A2D432EFD0058A716 /* Products */;
			projectDirPath = "";
			projectRoot = "";
			targets = (
				F28339982D432EFD0058A716 /* JSONPlaceholderAPICaseStudy */,
				F28339A82D432F000058A716 /* JSONPlaceholderAPICaseStudyTests */,
				F28339B22D432F000058A716 /* JSONPlaceholderAPICaseStudyUITests */,
			);
		};
/* End PBXProject section */

/* Begin PBXResourcesBuildPhase section */
		F28339972D432EFD0058A716 /* Resources */ = {
			isa = PBXResourcesBuildPhase;
			buildActionMask = 2147483647;
			files = (
			);
			runOnlyForDeploymentPostprocessing = 0;
		};
		F28339A72D432F000058A716 /* Resources */ = {
			isa = PBXResourcesBuildPhase;
			buildActionMask = 2147483647;
			files = (
			);
			runOnlyForDeploymentPostprocessing = 0;
		};
		F28339B12D432F000058A716 /* Resources */ = {
			isa = PBXResourcesBuildPhase;
			buildActionMask = 2147483647;
			files = (
			);
			runOnlyForDeploymentPostprocessing = 0;
		};
/* End PBXResourcesBuildPhase section */

/* Begin PBXSourcesBuildPhase section */
		F28339952D432EFD0058A716 /* Sources */ = {
			isa = PBXSourcesBuildPhase;
			buildActionMask = 2147483647;
			files = (
			);
			runOnlyForDeploymentPostprocessing = 0;
		};
		F28339A52D432F000058A716 /* Sources */ = {
			isa = PBXSourcesBuildPhase;
			buildActionMask = 2147483647;
			files = (
			);
			runOnlyForDeploymentPostprocessing = 0;
		};
		F28339AF2D432F000058A716 /* Sources */ = {
			isa = PBXSourcesBuildPhase;
			buildActionMask = 2147483647;
			files = (
			);
			runOnlyForDeploymentPostprocessing = 0;
		};
/* End PBXSourcesBuildPhase section */

/* Begin PBXTargetDependency section */
		F28339AB2D432F000058A716 /* PBXTargetDependency */ = {
			isa = PBXTargetDependency;
			target = F28339982D432EFD0058A716 /* JSONPlaceholderAPICaseStudy */;
			targetProxy = F28339AA2D432F000058A716 /* PBXContainerItemProxy */;
		};
		F28339B52D432F000058A716 /* PBXTargetDependency */ = {
			isa = PBXTargetDependency;
			target = F28339982D432EFD0058A716 /* JSONPlaceholderAPICaseStudy */;
			targetProxy = F28339B42D432F000058A716 /* PBXContainerItemProxy */;
		};
/* End PBXTargetDependency section */

/* Begin XCBuildConfiguration section */
		F28339BB2D432F000058A716 /* Debug */ = {
			isa = XCBuildConfiguration;
			buildSettings = {
				ALWAYS_SEARCH_USER_PATHS = NO;
				ASSETCATALOG_COMPILER_GENERATE_SWIFT_ASSET_SYMBOL_EXTENSIONS = YES;
				CLANG_ANALYZER_NONNULL = YES;
				CLANG_ANALYZER_NUMBER_OBJECT_CONVERSION = YES_AGGRESSIVE;
				CLANG_CXX_LANGUAGE_STANDARD = "gnu++20";
				CLANG_ENABLE_MODULES = YES;
				CLANG_ENABLE_OBJC_ARC = YES;
				CLANG_ENABLE_OBJC_WEAK = YES;
				CLANG_WARN_BLOCK_CAPTURE_AUTORELEASING = YES;
				CLANG_WARN_BOOL_CONVERSION = YES;
				CLANG_WARN_COMMA = YES;
				CLANG_WARN_CONSTANT_CONVERSION = YES;
				CLANG_WARN_DEPRECATED_OBJC_IMPLEMENTATIONS = YES;
				CLANG_WARN_DIRECT_OBJC_ISA_USAGE = YES_ERROR;
				CLANG_WARN_DOCUMENTATION_COMMENTS = YES;
				CLANG_WARN_EMPTY_BODY = YES;
				CLANG_WARN_ENUM_CONVERSION = YES;
				CLANG_WARN_INFINITE_RECURSION = YES;
				CLANG_WARN_INT_CONVERSION = YES;
				CLANG_WARN_NON_LITERAL_NULL_CONVERSION = YES;
				CLANG_WARN_OBJC_IMPLICIT_RETAIN_SELF = YES;
				CLANG_WARN_OBJC_LITERAL_CONVERSION = YES;
				CLANG_WARN_OBJC_ROOT_CLASS = YES_ERROR;
				CLANG_WARN_QUOTED_INCLUDE_IN_FRAMEWORK_HEADER = YES;
				CLANG_WARN_RANGE_LOOP_ANALYSIS = YES;
				CLANG_WARN_STRICT_PROTOTYPES = YES;
				CLANG_WARN_SUSPICIOUS_MOVE = YES;
				CLANG_WARN_UNGUARDED_AVAILABILITY = YES_AGGRESSIVE;
				CLANG_WARN_UNREACHABLE_CODE = YES;
				CLANG_WARN__DUPLICATE_METHOD_MATCH = YES;
				COPY_PHASE_STRIP = NO;
				DEBUG_INFORMATION_FORMAT = dwarf;
				ENABLE_STRICT_OBJC_MSGSEND = YES;
				ENABLE_TESTABILITY = YES;
				ENABLE_USER_SCRIPT_SANDBOXING = YES;
				GCC_C_LANGUAGE_STANDARD = gnu17;
				GCC_DYNAMIC_NO_PIC = NO;
				GCC_NO_COMMON_BLOCKS = YES;
				GCC_OPTIMIZATION_LEVEL = 0;
				GCC_PREPROCESSOR_DEFINITIONS = (
					"DEBUG=1",
					"$(inherited)",
				);
				GCC_WARN_64_TO_32_BIT_CONVERSION = YES;
				GCC_WARN_ABOUT_RETURN_TYPE = YES_ERROR;
				GCC_WARN_UNDECLARED_SELECTOR = YES;
				GCC_WARN_UNINITIALIZED_AUTOS = YES_AGGRESSIVE;
				GCC_WARN_UNUSED_FUNCTION = YES;
				GCC_WARN_UNUSED_VARIABLE = YES;
				IPHONEOS_DEPLOYMENT_TARGET = 18.2;
				LOCALIZATION_PREFERS_STRING_CATALOGS = YES;
				MTL_ENABLE_DEBUG_INFO = INCLUDE_SOURCE;
				MTL_FAST_MATH = YES;
				ONLY_ACTIVE_ARCH = YES;
				SDKROOT = iphoneos;
				SWIFT_ACTIVE_COMPILATION_CONDITIONS = "DEBUG $(inherited)";
				SWIFT_OPTIMIZATION_LEVEL = "-Onone";
			};
			name = Debug;
		};
		F28339BC2D432F000058A716 /* Release */ = {
			isa = XCBuildConfiguration;
			buildSettings = {
				ALWAYS_SEARCH_USER_PATHS = NO;
				ASSETCATALOG_COMPILER_GENERATE_SWIFT_ASSET_SYMBOL_EXTENSIONS = YES;
				CLANG_ANALYZER_NONNULL = YES;
				CLANG_ANALYZER_NUMBER_OBJECT_CONVERSION = YES_AGGRESSIVE;
				CLANG_CXX_LANGUAGE_STANDARD = "gnu++20";
				CLANG_ENABLE_MODULES = YES;
				CLANG_ENABLE_OBJC_ARC = YES;
				CLANG_ENABLE_OBJC_WEAK = YES;
				CLANG_WARN_BLOCK_CAPTURE_AUTORELEASING = YES;
				CLANG_WARN_BOOL_CONVERSION = YES;
				CLANG_WARN_COMMA = YES;
				CLANG_WARN_CONSTANT_CONVERSION = YES;
				CLANG_WARN_DEPRECATED_OBJC_IMPLEMENTATIONS = YES;
				CLANG_WARN_DIRECT_OBJC_ISA_USAGE = YES_ERROR;
				CLANG_WARN_DOCUMENTATION_COMMENTS = YES;
				CLANG_WARN_EMPTY_BODY = YES;
				CLANG_WARN_ENUM_CONVERSION = YES;
				CLANG_WARN_INFINITE_RECURSION = YES;
				CLANG_WARN_INT_CONVERSION = YES;
				CLANG_WARN_NON_LITERAL_NULL_CONVERSION = YES;
				CLANG_WARN_OBJC_IMPLICIT_RETAIN_SELF = YES;
				CLANG_WARN_OBJC_LITERAL_CONVERSION = YES;
				CLANG_WARN_OBJC_ROOT_CLASS = YES_ERROR;
				CLANG_WARN_QUOTED_INCLUDE_IN_FRAMEWORK_HEADER = YES;
				CLANG_WARN_RANGE_LOOP_ANALYSIS = YES;
				CLANG_WARN_STRICT_PROTOTYPES = YES;
				CLANG_WARN_SUSPICIOUS_MOVE = YES;
				CLANG_WARN_UNGUARDED_AVAILABILITY = YES_AGGRESSIVE;
				CLANG_WARN_UNREACHABLE_CODE = YES;
				CLANG_WARN__DUPLICATE_METHOD_MATCH = YES;
				COPY_PHASE_STRIP = NO;
				DEBUG_INFORMATION_FORMAT = "dwarf-with-dsym";
				ENABLE_NS_ASSERTIONS = NO;
				ENABLE_STRICT_OBJC_MSGSEND = YES;
				ENABLE_USER_SCRIPT_SANDBOXING = YES;
				GCC_C_LANGUAGE_STANDARD = gnu17;
				GCC_NO_COMMON_BLOCKS = YES;
				GCC_WARN_64_TO_32_BIT_CONVERSION = YES;
				GCC_WARN_ABOUT_RETURN_TYPE = YES_ERROR;
				GCC_WARN_UNDECLARED_SELECTOR = YES;
				GCC_WARN_UNINITIALIZED_AUTOS = YES_AGGRESSIVE;
				GCC_WARN_UNUSED_FUNCTION = YES;
				GCC_WARN_UNUSED_VARIABLE = YES;
				IPHONEOS_DEPLOYMENT_TARGET = 18.2;
				LOCALIZATION_PREFERS_STRING_CATALOGS = YES;
				MTL_ENABLE_DEBUG_INFO = NO;
				MTL_FAST_MATH = YES;
				SDKROOT = iphoneos;
				SWIFT_COMPILATION_MODE = wholemodule;
				VALIDATE_PRODUCT = YES;
			};
			name = Release;
		};
		F28339BE2D432F000058A716 /* Debug */ = {
			isa = XCBuildConfiguration;
			buildSettings = {
				ASSETCATALOG_COMPILER_APPICON_NAME = AppIcon;
				ASSETCATALOG_COMPILER_GLOBAL_ACCENT_COLOR_NAME = AccentColor;
				CODE_SIGN_STYLE = Automatic;
				CURRENT_PROJECT_VERSION = 1;
				DEVELOPMENT_ASSET_PATHS = "\"JSONPlaceholderAPICaseStudy/Preview Content\"";
				DEVELOPMENT_TEAM = 84L7J278DN;
				ENABLE_PREVIEWS = YES;
				GENERATE_INFOPLIST_FILE = YES;
				INFOPLIST_KEY_CFBundleDisplayName = Contact;
				INFOPLIST_KEY_UIApplicationSceneManifest_Generation = YES;
				INFOPLIST_KEY_UIApplicationSupportsIndirectInputEvents = YES;
				INFOPLIST_KEY_UILaunchScreen_Generation = YES;
				INFOPLIST_KEY_UISupportedInterfaceOrientations_iPad = "UIInterfaceOrientationPortrait UIInterfaceOrientationPortraitUpsideDown UIInterfaceOrientationLandscapeLeft UIInterfaceOrientationLandscapeRight";
				INFOPLIST_KEY_UISupportedInterfaceOrientations_iPhone = "UIInterfaceOrientationPortrait UIInterfaceOrientationLandscapeLeft UIInterfaceOrientationLandscapeRight";
				IPHONEOS_DEPLOYMENT_TARGET = 17.0;
				LD_RUNPATH_SEARCH_PATHS = (
					"$(inherited)",
					"@executable_path/Frameworks",
				);
				MARKETING_VERSION = 1.0;
				PRODUCT_BUNDLE_IDENTIFIER = com.tunahanaktay.JSONPlaceholderAPICaseStudy;
				PRODUCT_NAME = "$(TARGET_NAME)";
				SWIFT_EMIT_LOC_STRINGS = YES;
				SWIFT_VERSION = 5.0;
				TARGETED_DEVICE_FAMILY = "1,2";
			};
			name = Debug;
		};
		F28339BF2D432F000058A716 /* Release */ = {
			isa = XCBuildConfiguration;
			buildSettings = {
				ASSETCATALOG_COMPILER_APPICON_NAME = AppIcon;
				ASSETCATALOG_COMPILER_GLOBAL_ACCENT_COLOR_NAME = AccentColor;
				CODE_SIGN_STYLE = Automatic;
				CURRENT_PROJECT_VERSION = 1;
				DEVELOPMENT_ASSET_PATHS = "\"JSONPlaceholderAPICaseStudy/Preview Content\"";
				DEVELOPMENT_TEAM = 84L7J278DN;
				ENABLE_PREVIEWS = YES;
				GENERATE_INFOPLIST_FILE = YES;
				INFOPLIST_KEY_CFBundleDisplayName = Contact;
				INFOPLIST_KEY_UIApplicationSceneManifest_Generation = YES;
				INFOPLIST_KEY_UIApplicationSupportsIndirectInputEvents = YES;
				INFOPLIST_KEY_UILaunchScreen_Generation = YES;
				INFOPLIST_KEY_UISupportedInterfaceOrientations_iPad = "UIInterfaceOrientationPortrait UIInterfaceOrientationPortraitUpsideDown UIInterfaceOrientationLandscapeLeft UIInterfaceOrientationLandscapeRight";
				INFOPLIST_KEY_UISupportedInterfaceOrientations_iPhone = "UIInterfaceOrientationPortrait UIInterfaceOrientationLandscapeLeft UIInterfaceOrientationLandscapeRight";
				IPHONEOS_DEPLOYMENT_TARGET = 17.0;
				LD_RUNPATH_SEARCH_PATHS = (
					"$(inherited)",
					"@executable_path/Frameworks",
				);
				MARKETING_VERSION = 1.0;
				PRODUCT_BUNDLE_IDENTIFIER = com.tunahanaktay.JSONPlaceholderAPICaseStudy;
				PRODUCT_NAME = "$(TARGET_NAME)";
				SWIFT_EMIT_LOC_STRINGS = YES;
				SWIFT_VERSION = 5.0;
				TARGETED_DEVICE_FAMILY = "1,2";
			};
			name = Release;
		};
		F28339C12D432F000058A716 /* Debug */ = {
			isa = XCBuildConfiguration;
			buildSettings = {
				BUNDLE_LOADER = "$(TEST_HOST)";
				CODE_SIGN_STYLE = Automatic;
				CURRENT_PROJECT_VERSION = 1;
				DEVELOPMENT_TEAM = 84L7J278DN;
				GENERATE_INFOPLIST_FILE = YES;
				IPHONEOS_DEPLOYMENT_TARGET = 18.2;
				MARKETING_VERSION = 1.0;
				PRODUCT_BUNDLE_IDENTIFIER = com.tunahanaktay.JSONPlaceholderAPICaseStudyTests;
				PRODUCT_NAME = "$(TARGET_NAME)";
				SWIFT_EMIT_LOC_STRINGS = NO;
				SWIFT_VERSION = 5.0;
				TARGETED_DEVICE_FAMILY = "1,2";
				TEST_HOST = "$(BUILT_PRODUCTS_DIR)/JSONPlaceholderAPICaseStudy.app/$(BUNDLE_EXECUTABLE_FOLDER_PATH)/JSONPlaceholderAPICaseStudy";
			};
			name = Debug;
		};
		F28339C22D432F000058A716 /* Release */ = {
			isa = XCBuildConfiguration;
			buildSettings = {
				BUNDLE_LOADER = "$(TEST_HOST)";
				CODE_SIGN_STYLE = Automatic;
				CURRENT_PROJECT_VERSION = 1;
				DEVELOPMENT_TEAM = 84L7J278DN;
				GENERATE_INFOPLIST_FILE = YES;
				IPHONEOS_DEPLOYMENT_TARGET = 18.2;
				MARKETING_VERSION = 1.0;
				PRODUCT_BUNDLE_IDENTIFIER = com.tunahanaktay.JSONPlaceholderAPICaseStudyTests;
				PRODUCT_NAME = "$(TARGET_NAME)";
				SWIFT_EMIT_LOC_STRINGS = NO;
				SWIFT_VERSION = 5.0;
				TARGETED_DEVICE_FAMILY = "1,2";
				TEST_HOST = "$(BUILT_PRODUCTS_DIR)/JSONPlaceholderAPICaseStudy.app/$(BUNDLE_EXECUTABLE_FOLDER_PATH)/JSONPlaceholderAPICaseStudy";
			};
			name = Release;
		};
		F28339C42D432F000058A716 /* Debug */ = {
			isa = XCBuildConfiguration;
			buildSettings = {
				CODE_SIGN_STYLE = Automatic;
				CURRENT_PROJECT_VERSION = 1;
				DEVELOPMENT_TEAM = 84L7J278DN;
				GENERATE_INFOPLIST_FILE = YES;
				MARKETING_VERSION = 1.0;
				PRODUCT_BUNDLE_IDENTIFIER = com.tunahanaktay.JSONPlaceholderAPICaseStudyUITests;
				PRODUCT_NAME = "$(TARGET_NAME)";
				SWIFT_EMIT_LOC_STRINGS = NO;
				SWIFT_VERSION = 5.0;
				TARGETED_DEVICE_FAMILY = "1,2";
				TEST_TARGET_NAME = JSONPlaceholderAPICaseStudy;
			};
			name = Debug;
		};
		F28339C52D432F000058A716 /* Release */ = {
			isa = XCBuildConfiguration;
			buildSettings = {
				CODE_SIGN_STYLE = Automatic;
				CURRENT_PROJECT_VERSION = 1;
				DEVELOPMENT_TEAM = 84L7J278DN;
				GENERATE_INFOPLIST_FILE = YES;
				MARKETING_VERSION = 1.0;
				PRODUCT_BUNDLE_IDENTIFIER = com.tunahanaktay.JSONPlaceholderAPICaseStudyUITests;
				PRODUCT_NAME = "$(TARGET_NAME)";
				SWIFT_EMIT_LOC_STRINGS = NO;
				SWIFT_VERSION = 5.0;
				TARGETED_DEVICE_FAMILY = "1,2";
				TEST_TARGET_NAME = JSONPlaceholderAPICaseStudy;
			};
			name = Release;
		};
/* End XCBuildConfiguration section */

/* Begin XCConfigurationList section */
		F28339942D432EFD0058A716 /* Build configuration list for PBXProject "JSONPlaceholderAPICaseStudy" */ = {
			isa = XCConfigurationList;
			buildConfigurations = (
				F28339BB2D432F000058A716 /* Debug */,
				F28339BC2D432F000058A716 /* Release */,
			);
			defaultConfigurationIsVisible = 0;
			defaultConfigurationName = Release;
		};
		F28339BD2D432F000058A716 /* Build configuration list for PBXNativeTarget "JSONPlaceholderAPICaseStudy" */ = {
			isa = XCConfigurationList;
			buildConfigurations = (
				F28339BE2D432F000058A716 /* Debug */,
				F28339BF2D432F000058A716 /* Release */,
			);
			defaultConfigurationIsVisible = 0;
			defaultConfigurationName = Release;
		};
		F28339C02D432F000058A716 /* Build configuration list for PBXNativeTarget "JSONPlaceholderAPICaseStudyTests" */ = {
			isa = XCConfigurationList;
			buildConfigurations = (
				F28339C12D432F000058A716 /* Debug */,
				F28339C22D432F000058A716 /* Release */,
			);
			defaultConfigurationIsVisible = 0;
			defaultConfigurationName = Release;
		};
		F28339C32D432F000058A716 /* Build configuration list for PBXNativeTarget "JSONPlaceholderAPICaseStudyUITests" */ = {
			isa = XCConfigurationList;
			buildConfigurations = (
				F28339C42D432F000058A716 /* Debug */,
				F28339C52D432F000058A716 /* Release */,
			);
			defaultConfigurationIsVisible = 0;
			defaultConfigurationName = Release;
		};
/* End XCConfigurationList section */
	};
	rootObject = F28339912D432EFD0058A716 /* Project object */;
}
